
Microsoft Visual Studio Solution File, Format Version 12.00
# Visual Studio Version 17
VisualStudioVersion = 17.1.32328.378
MinimumVisualStudioVersion = 10.0.40219.1
Project("{FAE04EC0-301F-11D3-BF4B-00C04F79EFBC}") = "BatalhaNavalNatalia854", "BatalhaNavalNatalia854\BatalhaNavalNatalia854.csproj", "{62EC5C97-9056-42B0-A2BB-FBFA1F686E94}"
EndProject
Global
	GlobalSection(SolutionConfigurationPlatforms) = preSolution
		Debug|Any CPU = Debug|Any CPU
		Release|Any CPU = Release|Any CPU
	EndGlobalSection
	GlobalSection(ProjectConfigurationPlatforms) = postSolution
		{62EC5C97-9056-42B0-A2BB-FBFA1F686E94}.Debug|Any CPU.ActiveCfg = Debug|Any CPU
		{62EC5C97-9056-42B0-A2BB-FBFA1F686E94}.Debug|Any CPU.Build.0 = Debug|Any CPU
		{62EC5C97-9056-42B0-A2BB-FBFA1F686E94}.Release|Any CPU.ActiveCfg = Release|Any CPU
		{62EC5C97-9056-42B0-A2BB-FBFA1F686E94}.Release|Any CPU.Build.0 = Release|Any CPU
	EndGlobalSection
	GlobalSection(SolutionProperties) = preSolution
		HideSolutionNode = FALSE
	EndGlobalSection
	GlobalSection(ExtensibilityGlobals) = postSolution
		SolutionGuid = {C4004D54-5A56-4FB3-9BAA-0ABB8607C375}
	EndGlobalSection
EndGlobal
